
Microsoft Visual Studio Solution File, Format Version 12.00
# Visual Studio Version 16
VisualStudioVersion = 16.0.31005.135
MinimumVisualStudioVersion = 10.0.40219.1
Project("{FAE04EC0-301F-11D3-BF4B-00C04F79EFBC}") = "AwesomeNetwork", "AwesomeNetwork\AwesomeNetwork.csproj", "{E738E119-75D2-4EF1-B49E-56E668026C1B}"
EndProject
Global
	GlobalSection(SolutionConfigurationPlatforms) = preSolution
		Debug|Any CPU = Debug|Any CPU
		Release|Any CPU = Release|Any CPU
	EndGlobalSection
	GlobalSection(ProjectConfigurationPlatforms) = postSolution
		{E738E119-75D2-4EF1-B49E-56E668026C1B}.Debug|Any CPU.ActiveCfg = Debug|Any CPU
		{E738E119-75D2-4EF1-B49E-56E668026C1B}.Debug|Any CPU.Build.0 = Debug|Any CPU
		{E738E119-75D2-4EF1-B49E-56E668026C1B}.Release|Any CPU.ActiveCfg = Release|Any CPU
		{E738E119-75D2-4EF1-B49E-56E668026C1B}.Release|Any CPU.Build.0 = Release|Any CPU
	EndGlobalSection
	GlobalSection(SolutionProperties) = preSolution
		HideSolutionNode = FALSE
	EndGlobalSection
	GlobalSection(ExtensibilityGlobals) = postSolution
		SolutionGuid = {5E693B6A-4568-418F-859F-B4ED7F37FE85}
	EndGlobalSection
EndGlobal
